github.com/aws/aws-lambda-go v1.4.0 h1:utQd5PalMe5a7bLjfcf6dmXInYmyTCAZG+1iOO0P8o4=
github.com/aws/aws-lambda-go v1.4.0/go.mod h1:zUsUQhAUjYzR8AuduJPCfhBuKWUaDbQiPOG+ouzmE1A=
github.com/aws/aws-lambda-go v1.6.0 h1:T+u/g79zPKw1oJM7xYhvpq7i4Sjc0iVsXZUaqRVVSOg=
github.com/aws/aws-lambda-go v1.6.0/go.mod h1:zUsUQhAUjYzR8AuduJPCfhBuKWUaDbQiPOG+ouzmE1A=
github.com/davecgh/go-spew v1.1.0 h1:ZDRjVQ15GmhC3fiQ8ni8+OwkZQO4DARzQgrnXU1Liz8=
github.com/davecgh/go-spew v1.1.0/go.mod h1:J7Y8YcW2NihsgmVo/mv3lAwl/skON4iLHjSsI+c5H38=
github.com/davecgh/go-spew v1.1.1/go.mod h1:J7Y8YcW2NihsgmVo/mv3lAwl/skON4iLHjSsI+c5H38=
github.com/fatih/structs v1.0.0 h1:BrX964Rv5uQ3wwS+KRUAJCBBw5PQmgJfJ6v4yly5QwU=
github.com/fatih/structs v1.0.0/go.mod h1:9NiDSp5zOcgEDl+j00MP/WkGVPOlPRLejGD8Ga6PJ7M=
github.com/spirilis/askgo v0.0.0-20180823142347-7e0c85725cee h1:2eKiVz4Y4o2mzO0HOSPN6OO9BMzIdu8CmgHGM4AqHJQ=
github.com/spirilis/askgo v0.0.0-20180823142347-7e0c85725cee/go.mod h1:yUMw8bAV/PqZRSzYJ5CQ2ByWHlIscWx0sHmxTmgEQT4=
github.com/spirilis/askgo v0.0.0-20180824141155-72835f0bc102 h1:FQkMxjJuZSsXTwy8VgGxWKC8LSDsGnS4hqeX54TFa/U=
github.com/spirilis/askgo v0.0.0-20180824141155-72835f0bc102/go.mod h1:yUMw8bAV/PqZRSzYJ5CQ2ByWHlIscWx0sHmxTmgEQT4=
github.com/spirilis/askgo v0.0.0-20180824142137-d42ebd8678ba h1:j1sLyRwljOuONUbd+FXVtTvyWnd/lxBbn3y5vVDOE9k=
github.com/spirilis/askgo v0.0.0-20180824142137-d42ebd8678ba/go.mod h1:yUMw8bAV/PqZRSzYJ5CQ2ByWHlIscWx0sHmxTmgEQT4=
github.com/spirilis/askgo v0.0.0-20180824184046-4d40c0ff9a95 h1:coM+Q793ZV4Lq1cFLvyfhDjd3nfbZkEy96ezBYcxkXg=
github.com/spirilis/askgo v0.0.0-20180824184046-4d40c0ff9a95/go.mod h1:yUMw8bAV/PqZRSzYJ5CQ2ByWHlIscWx0sHmxTmgEQT4=
github.com/spirilis/askgo v0.0.0-20180824184147-975f6bf49ba2 h1:ZRLwfDEgxQdx+BJ3rTAwrWvxOmo7w8N7ESfutAMDvSU=
github.com/spirilis/askgo v0.0.0-20180824184147-975f6bf49ba2/go.mod h1:yUMw8bAV/PqZRSzYJ5CQ2ByWHlIscWx0sHmxTmgEQT4=
github.com/spirilis/askgo v0.0.0-20180824191856-965be261fe5a h1:wIiwtJNMI3d6/VEDDDI1RLjzAxmym8ap6bCssa6WVrg=
github.com/spirilis/askgo v0.0.0-20180824191856-965be261fe5a/go.mod h1:yUMw8bAV/PqZRSzYJ5CQ2ByWHlIscWx0sHmxTmgEQT4=
github.com/spirilis/askgo v0.0.0-20180824192111-7145763aa5ae h1:o63DHQPfj0kUhxz0JVk9AJUM8wvdERgslCURXDMApF8=
github.com/spirilis/askgo v0.0.0-20180824192111-7145763aa5ae/go.mod h1:yUMw8bAV/PqZRSzYJ5CQ2ByWHlIscWx0sHmxTmgEQT4=
github.com/spirilis/askgo v0.0.0-20180824195719-6c94ad61e98f h1:ZR02E3A4BKdwPJwKmjmnBHFo8JbwMnUe6cODVcvkpxo=
github.com/spirilis/askgo v0.0.0-20180824195719-6c94ad61e98f/go.mod h1:yUMw8bAV/PqZRSzYJ5CQ2ByWHlIscWx0sHmxTmgEQT4=
github.com/spirilis/askgo v0.0.0-20180824200028-eb2336b2e41a h1:AETd+R9hCMdgRQo0NEtTd5tVZqEEjACCroCek0rhTsc=
github.com/spirilis/askgo v0.0.0-20180824200028-eb2336b2e41a/go.mod h1:yUMw8bAV/PqZRSzYJ5CQ2ByWHlIscWx0sHmxTmgEQT4=
github.com/spirilis/askgo v0.0.0-20180825003249-cbb5316f4db2 h1:WCBD1RjhTyfzqu6MjohLKM71bjFT++9JkQ7SFjfEbok=
github.com/spirilis/askgo v0.0.0-20180825003249-cbb5316f4db2/go.mod h1:yUMw8bAV/PqZRSzYJ5CQ2ByWHlIscWx0sHmxTmgEQT4=
github.com/spirilis/askgo v0.0.0-20180829121655-5e11f9f41523 h1:ZPl1OLbFYxMfgRHktD+TuWYZYtvY9tZAUnSx3zX5OBE=
github.com/spirilis/askgo v0.0.0-20180829121655-5e11f9f41523/go.mod h1:EbYRi6NN6JDlh+Sow3CqoNCVJ/c9TXTv4nNIRltzuz4=
github.com/spirilis/askgo v0.0.0-20180829122847-2a6321eb0213 h1:iiald4FeEnPyEjS7IeCtD9LrhIvyktqIrpb7wt+tZ68=
github.com/spirilis/askgo v0.0.0-20180829122847-2a6321eb0213/go.mod h1:EbYRi6NN6JDlh+Sow3CqoNCVJ/c9TXTv4nNIRltzuz4=
github.com/spirilis/askgo v0.0.0-20180829124838-a4e9f02de994 h1:RLhDGcZKiIp73b67z1nHoNCBDF0s8C3jxTxr2I8JW74=
github.com/spirilis/askgo v0.0.0-20180829124838-a4e9f02de994/go.mod h1:EbYRi6NN6JDlh+Sow3CqoNCVJ/c9TXTv4nNIRltzuz4=
github.com/mitchellh/mapstructure v0.0.0-20180715050151-f15292f7a699 h1:KXZJFdun9knAVAR8tg/aHJEr5DgtcbqyvzacK+CDCaI=
github.com/mitchellh/mapstructure v0.0.0-20180715050151-f15292f7a699/go.mod h1:FVVH3fgwuzCH5S8UJGiWEs2h04kUh9fWfEaFds41c1Y=
github.com/mitchellh/mapstructure v1.0.0 h1:vVpGvMXJPqSDh2VYHF7gsfQj8Ncx+Xw5Y1KHeTRY+7I=
github.com/mitchellh/mapstructure v1.0.0/go.mod h1:FVVH3fgwuzCH5S8UJGiWEs2h04kUh9fWfEaFds41c1Y=
github.com/pmezard/go-difflib v1.0.0 h1:4DBwDE0NGyQoBHbLQYPwSUPoCMWR5BEzIk/f1lZbAQM=
github.com/pmezard/go-difflib v1.0.0/go.mod h1:iKH77koFhYxTK1pcRnkKkqfTogsbg7gZNVY4sRDYZ/4=
github.com/stretchr/testify v1.2.2 h1:bSDNvY7ZPG5RlJ8otE/7V6gMiyenm9RtJ7IUVIAoJ1w=
github.com/stretchr/testify v1.2.2/go.mod h1:a8OnRcib4nhh0OaRAV+Yts87kKdq0PP7pXfy6kDkUVs=
